
Microsoft Visual Studio Solution File, Format Version 12.00
# Visual Studio 15
VisualStudioVersion = 15.0.26124.0
MinimumVisualStudioVersion = 15.0.26124.0
Project("{FAE04EC0-301F-11D3-BF4B-00C04F79EFBC}") = "Api", "src\Api\Api.csproj", "{3F73A5F2-F1E1-4536-98B4-197A23C10F9A}"
EndProject
Project("{FAE04EC0-301F-11D3-BF4B-00C04F79EFBC}") = "UnitTests", "tests\UnitTests\UnitTests.csproj", "{9E685B12-B783-40C4-8AC8-629317E3E080}"
EndProject
Global
	GlobalSection(SolutionConfigurationPlatforms) = preSolution
		Debug|Any CPU = Debug|Any CPU
		Debug|x64 = Debug|x64
		Debug|x86 = Debug|x86
		Release|Any CPU = Release|Any CPU
		Release|x64 = Release|x64
		Release|x86 = Release|x86
	EndGlobalSection
	GlobalSection(SolutionProperties) = preSolution
		HideSolutionNode = FALSE
	EndGlobalSection
	GlobalSection(ProjectConfigurationPlatforms) = postSolution
		{3F73A5F2-F1E1-4536-98B4-197A23C10F9A}.Debug|Any CPU.ActiveCfg = Debug|Any CPU
		{3F73A5F2-F1E1-4536-98B4-197A23C10F9A}.Debug|Any CPU.Build.0 = Debug|Any CPU
		{3F73A5F2-F1E1-4536-98B4-197A23C10F9A}.Debug|x64.ActiveCfg = Debug|Any CPU
		{3F73A5F2-F1E1-4536-98B4-197A23C10F9A}.Debug|x64.Build.0 = Debug|Any CPU
		{3F73A5F2-F1E1-4536-98B4-197A23C10F9A}.Debug|x86.ActiveCfg = Debug|Any CPU
		{3F73A5F2-F1E1-4536-98B4-197A23C10F9A}.Debug|x86.Build.0 = Debug|Any CPU
		{3F73A5F2-F1E1-4536-98B4-197A23C10F9A}.Release|Any CPU.ActiveCfg = Release|Any CPU
		{3F73A5F2-F1E1-4536-98B4-197A23C10F9A}.Release|Any CPU.Build.0 = Release|Any CPU
		{3F73A5F2-F1E1-4536-98B4-197A23C10F9A}.Release|x64.ActiveCfg = Release|Any CPU
		{3F73A5F2-F1E1-4536-98B4-197A23C10F9A}.Release|x64.Build.0 = Release|Any CPU
		{3F73A5F2-F1E1-4536-98B4-197A23C10F9A}.Release|x86.ActiveCfg = Release|Any CPU
		{3F73A5F2-F1E1-4536-98B4-197A23C10F9A}.Release|x86.Build.0 = Release|Any CPU
		{9E685B12-B783-40C4-8AC8-629317E3E080}.Debug|Any CPU.ActiveCfg = Debug|Any CPU
		{9E685B12-B783-40C4-8AC8-629317E3E080}.Debug|Any CPU.Build.0 = Debug|Any CPU
		{9E685B12-B783-40C4-8AC8-629317E3E080}.Debug|x64.ActiveCfg = Debug|Any CPU
		{9E685B12-B783-40C4-8AC8-629317E3E080}.Debug|x64.Build.0 = Debug|Any CPU
		{9E685B12-B783-40C4-8AC8-629317E3E080}.Debug|x86.ActiveCfg = Debug|Any CPU
		{9E685B12-B783-40C4-8AC8-629317E3E080}.Debug|x86.Build.0 = Debug|Any CPU
		{9E685B12-B783-40C4-8AC8-629317E3E080}.Release|Any CPU.ActiveCfg = Release|Any CPU
		{9E685B12-B783-40C4-8AC8-629317E3E080}.Release|Any CPU.Build.0 = Release|Any CPU
		{9E685B12-B783-40C4-8AC8-629317E3E080}.Release|x64.ActiveCfg = Release|Any CPU
		{9E685B12-B783-40C4-8AC8-629317E3E080}.Release|x64.Build.0 = Release|Any CPU
		{9E685B12-B783-40C4-8AC8-629317E3E080}.Release|x86.ActiveCfg = Release|Any CPU
		{9E685B12-B783-40C4-8AC8-629317E3E080}.Release|x86.Build.0 = Release|Any CPU
	EndGlobalSection
	GlobalSection(NestedProjects) = preSolution
	EndGlobalSection
EndGlobal
